{
  "name": "app",
  "version": "0.0.0",
  "lockfileVersion": 3,
  "requires": true,
  "packages": {
    "": {
      "name": "app",
      "version": "0.0.0",
      "dependencies": {
        "@ant-design/icons-vue": "^7.0.1",
        "ant-design-vue": "^4.2.6",
        "katex": "^0.18.4",
        "rough-notation": "^0.5.1",
        "roughjs": "^4.6.6",
        "vue": "^3.5.39"
      },
      "devDependencies": {
        "@eslint/js": "^10.0.1",
        "@vitejs/plugin-vue": "^6.0.7",
        "eslint": "^10.8.1",
        "eslint-plugin-vue": "^10.10.0",
        "vite": "^8.1.1"
      }
    },
    "node_modules/@ant-design/colors": {
      "version": "6.0.0",
      "license": "MIT",
      "dependencies": {
        "@ctrl/tinycolor": "^3.4.0"
      }
    },
    "node_modules/@ant-design/icons-svg": {
      "version": "4.6.0",
      "license": "MIT"
    },
    "node_modules/@ant-design/icons-vue": {
      "version": "7.0.1",
      "license": "MIT",
      "dependencies": {
        "@ant-design/colors": "^6.0.0",
        "@ant-design/icons-svg": "^4.2.1"
      },
      "peerDependencies": {
        "vue": ">=3.0.3"
      }
    },
    "node_modules/@babel/helper-string-parser": {
      "version": "7.29.7",
      "license": "MIT",
      "engines": {
        "node": ">=6.9.0"
      }
    },
    "node_modules/@babel/helper-validator-identifier": {
      "version": "7.29.7",
      "license": "MIT",
      "engines": {
        "node": ">=6.9.0"
      }
    },
    "node_modules/@babel/parser": {
      "version": "7.29.8",
      "license": "MIT",
      "dependencies": {
        "@babel/types": "^7.29.8"
      },
      "bin": {
        "parser": "bin/babel-parser.js"
      },
      "engines": {
        "node": ">=6.0.0"
      }
    },
    "node_modules/@babel/runtime": {
      "version": "7.29.7",
      "license": "MIT",
      "engines": {
        "node": ">=6.9.0"
      }
    },
    "node_modules/@babel/types": {
      "version": "7.29.8",
      "license": "MIT",
      "dependencies": {
        "@babel/helper-string-parser": "^7.29.7",
        "@babel/helper-validator-identifier": "^7.29.7"
      },
      "engines": {
        "node": ">=6.9.0"
      }
    },
    "node_modules/@cacheable/memory": {
      "version": "2.2.0",
      "dev": true,
      "license": "MIT",
      "dependencies": {
        "@cacheable/utils": "^2.5.0",
        "@keyv/bigmap": "^1.3.1",
        "hookified": "^1.15.1",
        "keyv": "^5.6.0"
      }
    },
    "node_modules/@cacheable/utils": {
      "version": "2.5.0",
      "dev": true,
      "license": "MIT",
      "dependencies": {
        "hashery": "^1.5.1",
        "keyv": "^5.6.0"
      }
    },
    "node_modules/@ctrl/tinycolor": {
      "version": "3.6.1",
      "license": "MIT",
      "engines": {
        "node": ">=10"
      }
    },
    "node_modules/@emotion/hash": {
      "version": "0.9.2",
      "license": "MIT"
    },
    "node_modules/@emotion/unitless": {
      "version": "0.8.1",
      "license": "MIT"
    },
    "node_modules/@eslint-community/eslint-utils": {
      "version": "4.10.1",
      "dev": true,
      "license": "MIT",
      "dependencies": {
        "eslint-visitor-keys": "^3.4.3"
      },
      "engines": {
        "node": "^12.22.0 || ^14.17.0 || >=16.0.0"
      },
      "funding": {
        "url": "https://opencollective.com/eslint"
      },
      "peerDependencies": {
        "eslint": "^6.0.0 || ^7.0.0 || >=8.0.0"
      }
    },
    "node_modules/@eslint-community/eslint-utils/node_modules/eslint-visitor-keys": {
      "version": "3.4.3",
      "dev": true,
      "license": "Apache-2.0",
      "engines": {
        "node": "^12.22.0 || ^14.17.0 || >=16.0.0"
      },
      "funding": {
        "url": "https://opencollective.com/eslint"
      }
    },
    "node_modules/@eslint-community/regexpp": {
      "version": "4.12.2",
      "dev": true,
      "license": "MIT",
      "engines": {
        "node": "^12.0.0 || ^14.0.0 || >=16.0.0"
      }
    },
    "node_modules/@eslint/config-array": {
      "version": "0.23.5",
      "dev": true,
      "license": "Apache-2.0",
      "dependencies": {
        "@eslint/object-schema": "^3.0.5",
        "debug": "^4.3.1",
        "minimatch": "^10.2.4"
      },
      "engines": {
        "node": "^20.19.0 || ^22.13.0 || >=24"
      }
    },
    "node_modules/@eslint/config-helpers": {
      "version": "0.7.0",
      "dev": true,
      "license": "Apache-2.0",
      "dependencies": {
        "@eslint/core": "^1.2.1"
      },
      "engines": {
        "node": "^20.19.0 || ^22.13.0 || >=24"
      }
    },
    "node_modules/@eslint/core": {
      "version": "1.2.1",
      "dev": true,
      "license": "Apache-2.0",
      "dependencies": {
        "@types/json-schema": "^7.0.15"
      },
      "engines": {
        "node": "^20.19.0 || ^22.13.0 || >=24"
      }
    },
    "node_modules/@eslint/js": {
      "version": "10.0.1",
      "dev": true,
      "license": "MIT",
      "engines": {
        "node": "^20.19.0 || ^22.13.0 || >=24"
      },
      "funding": {
        "url": "https://eslint.org/donate"
      },
      "peerDependencies": {
        "eslint": "^10.0.0"
      },
      "peerDependenciesMeta": {
        "eslint": {
          "optional": true
        }
      }
    },
    "node_modules/@eslint/object-schema": {
      "version": "3.0.5",
      "dev": true,
      "license": "Apache-2.0",
      "engines": {
        "node": "^20.19.0 || ^22.13.0 || >=24"
      }
    },
    "node_modules/@eslint/plugin-kit": {
      "version": "0.7.3",
      "dev": true,
      "license": "Apache-2.0",
      "dependencies": {
        "@eslint/core": "^1.2.1",
        "levn": "^0.4.1"
      },
      "engines": {
        "node": "^20.19.0 || ^22.13.0 || >=24"
      }
    },
    "node_modules/@humanfs/core": {
      "version": "0.19.2",
      "dev": true,
      "license": "Apache-2.0",
      "dependencies": {
        "@humanfs/types": "^0.15.0"
      },
      "engines": {
        "node": ">=18.18.0"
      }
    },
    "node_modules/@humanfs/node": {
      "version": "0.16.8",
      "dev": true,
      "license": "Apache-2.0",
      "dependencies": {
        "@humanfs/core": "^0.19.2",
        "@humanfs/types": "^0.15.0",
        "@humanwhocodes/retry": "^0.4.0"
      },
      "engines": {
        "node": ">=18.18.0"
      }
    },
    "node_modules/@humanfs/types": {
      "version": "0.15.0",
      "dev": true,
      "license": "Apache-2.0",
      "engines": {
        "node": ">=18.18.0"
      }
    },
    "node_modules/@humanwhocodes/module-importer": {
      "version": "1.0.1",
      "dev": true,
      "license": "Apache-2.0",
      "engines": {
        "node": ">=12.22"
      },
      "funding": {
        "type": "github",
        "url": "https://github.com/sponsors/nzakas"
      }
    },
    "node_modules/@humanwhocodes/retry": {
      "version": "0.4.3",
      "dev": true,
      "license": "Apache-2.0",
      "engines": {
        "node": ">=18.18"
      },
      "funding": {
        "type": "github",
        "url": "https://github.com/sponsors/nzakas"
      }
    },
    "node_modules/@jridgewell/sourcemap-codec": {
      "version": "1.6.0",
      "license": "MIT"
    },
    "node_modules/@keyv/bigmap": {
      "version": "1.3.1",
      "dev": true,
      "license": "MIT",
      "dependencies": {
        "hashery": "^1.4.0",
        "hookified": "^1.15.0"
      },
      "engines": {
        "node": ">= 18"
      },
      "peerDependencies": {
        "keyv": "^5.6.0"
      }
    },
    "node_modules/@keyv/serialize": {
      "version": "1.1.1",
      "dev": true,
      "license": "MIT"
    },
    "node_modules/@oxc-project/types": {
      "version": "0.149.0",
      "dev": true,
      "license": "MIT",
      "funding": {
        "url": "https://github.com/sponsors/oxc-project"
      }
    },
    "node_modules/@rolldown/binding-win32-x64-msvc": {
      "version": "1.2.8",
      "cpu": [
        "x64"
      ],
      "dev": true,
      "license": "MIT",
      "optional": true,
      "os": [
        "win32"
      ],
      "engines": {
        "node": "^20.19.0 || >=22.12.0"
      }
    },
    "node_modules/@rolldown/pluginutils": {
      "version": "1.0.1",
      "dev": true,
      "license": "MIT"
    },
    "node_modules/@simonwep/pickr": {
      "version": "1.8.2",
      "license": "MIT",
      "dependencies": {
        "core-js": "^3.15.1",
        "nanopop": "^2.1.0"
      }
    },
    "node_modules/@types/esrecurse": {
      "version": "4.3.1",
      "dev": true,
      "license": "MIT"
    },
    "node_modules/@types/estree": {
      "version": "1.0.9",
      "dev": true,
      "license": "MIT"
    },
    "node_modules/@types/json-schema": {
      "version": "7.0.15",
      "dev": true,
      "license": "MIT"
    },
    "node_modules/@vitejs/plugin-vue": {
      "version": "6.0.8",
      "dev": true,
      "license": "MIT",
      "dependencies": {
        "@rolldown/pluginutils": "^1.0.1"
      },
      "engines": {
        "node": "^20.19.0 || >=22.12.0"
      },
      "peerDependencies": {
        "vite": "^5.0.0 || ^6.0.0 || ^7.0.0 || ^8.0.0",
        "vue": "^3.2.25"
      }
    },
    "node_modules/@vue/compiler-core": {
      "version": "3.5.42",
      "license": "MIT",
      "dependencies": {
        "@babel/parser": "^7.29.8",
        "@vue/shared": "3.5.42",
        "entities": "^7.0.1",
        "estree-walker": "^2.0.2",
        "source-map-js": "^1.2.1"
      }
    },
    "node_modules/@vue/compiler-dom": {
      "version": "3.5.42",
      "license": "MIT",
      "dependencies": {
        "@vue/compiler-core": "3.5.42",
        "@vue/shared": "3.5.42"
      }
    },
    "node_modules/@vue/compiler-sfc": {
      "version": "3.5.42",
      "license": "MIT",
      "dependencies": {
        "@babel/parser": "^7.29.8",
        "@vue/compiler-core": "3.5.42",
        "@vue/compiler-dom": "3.5.42",
        "@vue/compiler-ssr": "3.5.42",
        "@vue/shared": "3.5.42",
        "estree-walker": "^2.0.2",
        "magic-string": "^0.30.21",
        "postcss": "^8.5.19",
        "source-map-js": "^1.2.1"
      }
    },
    "node_modules/@vue/compiler-ssr": {
      "version": "3.5.42",
      "license": "MIT",
      "dependencies": {
        "@vue/compiler-dom": "3.5.42",
        "@vue/shared": "3.5.42"
      }
    },
    "node_modules/@vue/reactivity": {
      "version": "3.5.42",
      "license": "MIT",
      "dependencies": {
        "@vue/shared": "3.5.42"
      }
    },
    "node_modules/@vue/runtime-core": {
      "version": "3.5.42",
      "license": "MIT",
      "dependencies": {
        "@vue/reactivity": "3.5.42",
        "@vue/shared": "3.5.42"
      }
    },
    "node_modules/@vue/runtime-dom": {
      "version": "3.5.42",
      "license": "MIT",
      "dependencies": {
        "@vue/reactivity": "3.5.42",
        "@vue/runtime-core": "3.5.42",
        "@vue/shared": "3.5.42",
        "csstype": "^3.2.3"
      }
    },
    "node_modules/@vue/server-renderer": {
      "version": "3.5.42",
      "license": "MIT",
      "dependencies": {
        "@vue/compiler-ssr": "3.5.42",
        "@vue/runtime-dom": "3.5.42",
        "@vue/shared": "3.5.42"
      }
    },
    "node_modules/@vue/shared": {
      "version": "3.5.42",
      "license": "MIT"
    },
    "node_modules/acorn": {
      "version": "8.18.0",
      "dev": true,
      "license": "MIT",
      "bin": {
        "acorn": "bin/acorn"
      },
      "engines": {
        "node": ">=0.4.0"
      }
    },
    "node_modules/acorn-jsx": {
      "version": "5.3.2",
      "dev": true,
      "license": "MIT",
      "peerDependencies": {
        "acorn": "^6.0.0 || ^7.0.0 || ^8.0.0"
      }
    },
    "node_modules/ajv": {
      "version": "6.15.0",
      "dev": true,
      "license": "MIT",
      "dependencies": {
        "fast-deep-equal": "^3.1.1",
        "fast-json-stable-stringify": "^2.0.0",
        "json-schema-traverse": "^0.4.1",
        "uri-js": "^4.2.2"
      },
      "funding": {
        "type": "github",
        "url": "https://github.com/sponsors/epoberezkin"
      }
    },
    "node_modules/ant-design-vue": {
      "version": "4.2.6",
      "license": "MIT",
      "dependencies": {
        "@ant-design/colors": "^6.0.0",
        "@ant-design/icons-vue": "^7.0.0",
        "@babel/runtime": "^7.10.5",
        "@ctrl/tinycolor": "^3.5.0",
        "@emotion/hash": "^0.9.0",
        "@emotion/unitless": "^0.8.0",
        "@simonwep/pickr": "~1.8.0",
        "array-tree-filter": "^2.1.0",
        "async-validator": "^4.0.0",
        "csstype": "^3.1.1",
        "dayjs": "^1.10.5",
        "dom-align": "^1.12.1",
        "dom-scroll-into-view": "^2.0.0",
        "lodash": "^4.17.21",
        "lodash-es": "^4.17.15",
        "resize-observer-polyfill": "^1.5.1",
        "scroll-into-view-if-needed": "^2.2.25",
        "shallow-equal": "^1.0.0",
        "stylis": "^4.1.3",
        "throttle-debounce": "^5.0.0",
        "vue-types": "^3.0.0",
        "warning": "^4.0.0"
      },
      "engines": {
        "node": ">=12.22.0"
      },
      "funding": {
        "type": "opencollective",
        "url": "https://opencollective.com/ant-design-vue"
      },
      "peerDependencies": {
        "vue": ">=3.2.0"
      }
    },
    "node_modules/array-tree-filter": {
      "version": "2.1.0",
      "license": "MIT"
    },
    "node_modules/async-validator": {
      "version": "4.2.5",
      "license": "MIT"
    },
    "node_modules/balanced-match": {
      "version": "4.0.4",
      "dev": true,
      "license": "MIT",
      "engines": {
        "node": "18 || 20 || >=22"
      }
    },
    "node_modules/boolbase": {
      "version": "1.0.0",
      "dev": true,
      "license": "ISC"
    },
    "node_modules/brace-expansion": {
      "version": "5.0.9",
      "dev": true,
      "license": "MIT",
      "dependencies": {
        "balanced-match": "^4.0.2"
      },
      "engines": {
        "node": "20 || >=22"
      }
    },
    "node_modules/cacheable": {
      "version": "2.5.0",
      "dev": true,
      "license": "MIT",
      "dependencies": {
        "@cacheable/memory": "^2.2.0",
        "@cacheable/utils": "^2.5.0",
        "hookified": "^1.15.0",
        "keyv": "^5.6.0",
        "qified": "^0.10.1"
      }
    },
    "node_modules/commander": {
      "version": "15.0.0",
      "license": "MIT",
      "engines": {
        "node": ">=22.12.0"
      }
    },
    "node_modules/compute-scroll-into-view": {
      "version": "1.0.20",
      "license": "MIT"
    },
    "node_modules/core-js": {
      "version": "3.50.0",
      "hasInstallScript": true,
      "license": "MIT",
      "engines": {
        "node": "*"
      },
      "funding": {
        "type": "opencollective",
        "url": "https://opencollective.com/core-js"
      }
    },
    "node_modules/cross-spawn": {
      "version": "7.0.6",
      "dev": true,
      "license": "MIT",
      "dependencies": {
        "path-key": "^3.1.0",
        "shebang-command": "^2.0.0",
        "which": "^2.0.1"
      },
      "engines": {
        "node": ">= 8"
      }
    },
    "node_modules/cssesc": {
      "version": "3.0.0",
      "dev": true,
      "license": "MIT",
      "bin": {
        "cssesc": "bin/cssesc"
      },
      "engines": {
        "node": ">=4"
      }
    },
    "node_modules/csstype": {
      "version": "3.2.3",
      "license": "MIT"
    },
    "node_modules/dayjs": {
      "version": "1.11.23",
      "license": "MIT"
    },
    "node_modules/debug": {
      "version": "4.4.3",
      "dev": true,
      "license": "MIT",
      "dependencies": {
        "ms": "^2.1.3"
      },
      "engines": {
        "node": ">=6.0"
      },
      "peerDependenciesMeta": {
        "supports-color": {
          "optional": true
        }
      }
    },
    "node_modules/deep-is": {
      "version": "0.1.4",
      "dev": true,
      "license": "MIT"
    },
    "node_modules/detect-libc": {
      "version": "2.1.2",
      "dev": true,
      "license": "Apache-2.0",
      "engines": {
        "node": ">=8"
      }
    },
    "node_modules/dom-align": {
      "version": "1.12.4",
      "license": "MIT"
    },
    "node_modules/dom-scroll-into-view": {
      "version": "2.0.1",
      "license": "MIT"
    },
    "node_modules/entities": {
      "version": "7.0.1",
      "license": "BSD-2-Clause",
      "engines": {
        "node": ">=0.12"
      },
      "funding": {
        "url": "https://github.com/fb55/entities?sponsor=1"
      }
    },
    "node_modules/escape-string-regexp": {
      "version": "4.0.0",
      "dev": true,
      "license": "MIT",
      "engines": {
        "node": ">=10"
      },
      "funding": {
        "url": "https://github.com/sponsors/sindresorhus"
      }
    },
    "node_modules/eslint": {
      "version": "10.10.0",
      "dev": true,
      "license": "MIT",
      "workspaces": [
        "packages/*"
      ],
      "dependencies": {
        "@eslint-community/eslint-utils": "^4.8.0",
        "@eslint-community/regexpp": "^4.12.2",
        "@eslint/config-array": "^0.23.5",
        "@eslint/config-helpers": "^0.7.0",
        "@eslint/core": "^1.2.1",
        "@eslint/plugin-kit": "^0.7.3",
        "@humanfs/node": "^0.16.6",
        "@humanwhocodes/module-importer": "^1.0.1",
        "@humanwhocodes/retry": "^0.4.2",
        "@types/estree": "^1.0.6",
        "ajv": "^6.14.0",
        "cross-spawn": "^7.0.6",
        "debug": "^4.3.2",
        "escape-string-regexp": "^4.0.0",
        "eslint-scope": "^9.1.2",
        "eslint-visitor-keys": "^5.0.1",
        "espree": "^11.2.0",
        "esquery": "^1.7.0",
        "esutils": "^2.0.2",
        "fast-deep-equal": "^3.1.3",
        "file-entry-cache": "11.1.5 || >11.1.6 <12",
        "find-up": "^5.0.0",
        "glob-parent": "^6.0.2",
        "ignore": "^5.2.0",
        "imurmurhash": "^0.1.4",
        "is-glob": "^4.0.0",
        "json-stable-stringify-without-jsonify": "^1.0.1",
        "minimatch": "^10.2.5",
        "natural-compare": "^1.4.0",
        "optionator": "^0.9.3"
      },
      "bin": {
        "eslint": "bin/eslint.js"
      },
      "engines": {
        "node": "^20.19.0 || ^22.13.0 || >=24"
      },
      "funding": {
        "url": "https://eslint.org/donate"
      },
      "peerDependencies": {
        "jiti": "*"
      },
      "peerDependenciesMeta": {
        "jiti": {
          "optional": true
        }
      }
    },
    "node_modules/eslint-plugin-vue": {
      "version": "10.11.0",
      "dev": true,
      "license": "MIT",
      "dependencies": {
        "@eslint-community/eslint-utils": "^4.9.1",
        "natural-compare": "^1.4.0",
        "nth-check": "^2.1.1",
        "postcss-selector-parser": "^7.1.4",
        "semver": "^7.8.5",
        "xml-name-validator": "^5.0.0"
      },
      "engines": {
        "node": "^18.18.0 || ^20.9.0 || >=21.1.0"
      },
      "peerDependencies": {
        "@stylistic/eslint-plugin": "^2.0.0 || ^3.0.0 || ^4.0.0 || ^5.0.0",
        "@typescript-eslint/parser": "^7.0.0 || ^8.0.0",
        "eslint": "^8.57.0 || ^9.0.0 || ^10.0.0",
        "vue-eslint-parser": "^10.3.0"
      },
      "peerDependenciesMeta": {
        "@stylistic/eslint-plugin": {
          "optional": true
        },
        "@typescript-eslint/parser": {
          "optional": true
        }
      }
    },
    "node_modules/eslint-scope": {
      "version": "9.1.2",
      "dev": true,
      "license": "BSD-2-Clause",
      "dependencies": {
        "@types/esrecurse": "^4.3.1",
        "@types/estree": "^1.0.8",
        "esrecurse": "^4.3.0",
        "estraverse": "^5.2.0"
      },
      "engines": {
        "node": "^20.19.0 || ^22.13.0 || >=24"
      },
      "funding": {
        "url": "https://opencollective.com/eslint"
      }
    },
    "node_modules/eslint-visitor-keys": {
      "version": "5.0.1",
      "dev": true,
      "license": "Apache-2.0",
      "engines": {
        "node": "^20.19.0 || ^22.13.0 || >=24"
      },
      "funding": {
        "url": "https://opencollective.com/eslint"
      }
    },
    "node_modules/espree": {
      "version": "11.2.0",
      "dev": true,
      "license": "BSD-2-Clause",
      "dependencies": {
        "acorn": "^8.16.0",
        "acorn-jsx": "^5.3.2",
        "eslint-visitor-keys": "^5.0.1"
      },
      "engines": {
        "node": "^20.19.0 || ^22.13.0 || >=24"
      },
      "funding": {
        "url": "https://opencollective.com/eslint"
      }
    },
    "node_modules/esquery": {
      "version": "1.7.0",
      "dev": true,
      "license": "BSD-3-Clause",
      "dependencies": {
        "estraverse": "^5.1.0"
      },
      "engines": {
        "node": ">=0.10"
      }
    },
    "node_modules/esrecurse": {
      "version": "4.3.0",
      "dev": true,
      "license": "BSD-2-Clause",
      "dependencies": {
        "estraverse": "^5.2.0"
      },
      "engines": {
        "node": ">=4.0"
      }
    },
    "node_modules/estraverse": {
      "version": "5.3.0",
      "dev": true,
      "license": "BSD-2-Clause",
      "engines": {
        "node": ">=4.0"
      }
    },
    "node_modules/estree-walker": {
      "version": "2.0.2",
      "license": "MIT"
    },
    "node_modules/esutils": {
      "version": "2.0.3",
      "dev": true,
      "license": "BSD-2-Clause",
      "engines": {
        "node": ">=0.10.0"
      }
    },
    "node_modules/fast-deep-equal": {
      "version": "3.1.3",
      "dev": true,
      "license": "MIT"
    },
    "node_modules/fast-json-stable-stringify": {
      "version": "2.1.0",
      "dev": true,
      "license": "MIT"
    },
    "node_modules/fast-levenshtein": {
      "version": "2.0.6",
      "dev": true,
      "license": "MIT"
    },
    "node_modules/fdir": {
      "version": "6.5.0",
      "dev": true,
      "license": "MIT",
      "engines": {
        "node": ">=12.0.0"
      },
      "peerDependencies": {
        "picomatch": "^3 || ^4"
      },
      "peerDependenciesMeta": {
        "picomatch": {
          "optional": true
        }
      }
    },
    "node_modules/file-entry-cache": {
      "version": "11.1.5",
      "dev": true,
      "license": "MIT",
      "dependencies": {
        "flat-cache": "^6.1.23"
      }
    },
    "node_modules/find-up": {
      "version": "5.0.0",
      "dev": true,
      "license": "MIT",
      "dependencies": {
        "locate-path": "^6.0.0",
        "path-exists": "^4.0.0"
      },
      "engines": {
        "node": ">=10"
      },
      "funding": {
        "url": "https://github.com/sponsors/sindresorhus"
      }
    },
    "node_modules/flat-cache": {
      "version": "6.1.23",
      "dev": true,
      "license": "MIT",
      "dependencies": {
        "cacheable": "^2.5.0",
        "flatted": "^3.4.2",
        "hookified": "^1.15.0"
      }
    },
    "node_modules/flatted": {
      "version": "3.4.4",
      "dev": true,
      "license": "ISC"
    },
    "node_modules/glob-parent": {
      "version": "6.0.2",
      "dev": true,
      "license": "ISC",
      "dependencies": {
        "is-glob": "^4.0.3"
      },
      "engines": {
        "node": ">=10.13.0"
      }
    },
    "node_modules/hachure-fill": {
      "version": "0.5.2",
      "license": "MIT"
    },
    "node_modules/hashery": {
      "version": "1.5.1",
      "dev": true,
      "license": "MIT",
      "dependencies": {
        "hookified": "^1.15.0"
      },
      "engines": {
        "node": ">=20"
      }
    },
    "node_modules/hookified": {
      "version": "1.15.1",
      "dev": true,
      "license": "MIT"
    },
    "node_modules/ignore": {
      "version": "5.3.2",
      "dev": true,
      "license": "MIT",
      "engines": {
        "node": ">= 4"
      }
    },
    "node_modules/imurmurhash": {
      "version": "0.1.4",
      "dev": true,
      "license": "MIT",
      "engines": {
        "node": ">=0.8.19"
      }
    },
    "node_modules/is-extglob": {
      "version": "2.1.1",
      "dev": true,
      "license": "MIT",
      "engines": {
        "node": ">=0.10.0"
      }
    },
    "node_modules/is-glob": {
      "version": "4.0.3",
      "dev": true,
      "license": "MIT",
      "dependencies": {
        "is-extglob": "^2.1.1"
      },
      "engines": {
        "node": ">=0.10.0"
      }
    },
    "node_modules/is-plain-object": {
      "version": "3.0.1",
      "license": "MIT",
      "engines": {
        "node": ">=0.10.0"
      }
    },
    "node_modules/isexe": {
      "version": "2.0.0",
      "dev": true,
      "license": "ISC"
    },
    "node_modules/js-tokens": {
      "version": "4.0.0",
      "license": "MIT"
    },
    "node_modules/json-schema-traverse": {
      "version": "0.4.1",
      "dev": true,
      "license": "MIT"
    },
    "node_modules/json-stable-stringify-without-jsonify": {
      "version": "1.0.1",
      "dev": true,
      "license": "MIT"
    },
    "node_modules/katex": {
      "version": "0.18.7",
      "funding": [
        "https://opencollective.com/katex",
        "https://github.com/sponsors/katex"
      ],
      "license": "MIT",
      "dependencies": {
        "commander": "^15.0.0"
      },
      "bin": {
        "katex": "cli.js"
      }
    },
    "node_modules/keyv": {
      "version": "5.6.0",
      "dev": true,
      "license": "MIT",
      "dependencies": {
        "@keyv/serialize": "^1.1.1"
      }
    },
    "node_modules/levn": {
      "version": "0.4.1",
      "dev": true,
      "license": "MIT",
      "dependencies": {
        "prelude-ls": "^1.2.1",
        "type-check": "~0.4.0"
      },
      "engines": {
        "node": ">= 0.8.0"
      }
    },
    "node_modules/lightningcss": {
      "version": "1.33.0",
      "dev": true,
      "license": "MPL-2.0",
      "dependencies": {
        "detect-libc": "^2.0.3"
      },
      "engines": {
        "node": ">= 12.0.0"
      },
      "funding": {
        "type": "opencollective",
        "url": "https://opencollective.com/parcel"
      },
      "optionalDependencies": {
        "lightningcss-android-arm64": "1.33.0",
        "lightningcss-darwin-arm64": "1.33.0",
        "lightningcss-darwin-x64": "1.33.0",
        "lightningcss-freebsd-x64": "1.33.0",
        "lightningcss-linux-arm-gnueabihf": "1.33.0",
        "lightningcss-linux-arm64-gnu": "1.33.0",
        "lightningcss-linux-arm64-musl": "1.33.0",
        "lightningcss-linux-x64-gnu": "1.33.0",
        "lightningcss-linux-x64-musl": "1.33.0",
        "lightningcss-win32-arm64-msvc": "1.33.0",
        "lightningcss-win32-x64-msvc": "1.33.0"
      }
    },
    "node_modules/lightningcss-win32-x64-msvc": {
      "version": "1.33.0",
      "cpu": [
        "x64"
      ],
      "dev": true,
      "license": "MPL-2.0",
      "optional": true,
      "os": [
        "win32"
      ],
      "engines": {
        "node": ">= 12.0.0"
      },
      "funding": {
        "type": "opencollective",
        "url": "https://opencollective.com/parcel"
      }
    },
    "node_modules/locate-path": {
      "version": "6.0.0",
      "dev": true,
      "license": "MIT",
      "dependencies": {
        "p-locate": "^5.0.0"
      },
      "engines": {
        "node": ">=10"
      },
      "funding": {
        "url": "https://github.com/sponsors/sindresorhus"
      }
    },
    "node_modules/lodash": {
      "version": "4.18.1",
      "license": "MIT"
    },
    "node_modules/lodash-es": {
      "version": "4.18.1",
      "license": "MIT"
    },
    "node_modules/loose-envify": {
      "version": "1.4.0",
      "license": "MIT",
      "dependencies": {
        "js-tokens": "^3.0.0 || ^4.0.0"
      },
      "bin": {
        "loose-envify": "cli.js"
      }
    },
    "node_modules/magic-string": {
      "version": "0.30.21",
      "license": "MIT",
      "dependencies": {
        "@jridgewell/sourcemap-codec": "^1.5.5"
      }
    },
    "node_modules/minimatch": {
      "version": "10.2.6",
      "dev": true,
      "license": "BlueOak-1.0.0",
      "dependencies": {
        "brace-expansion": "^5.0.8"
      },
      "engines": {
        "node": "18 || 20 || >=22"
      },
      "funding": {
        "url": "https://github.com/sponsors/isaacs"
      }
    },
    "node_modules/ms": {
      "version": "2.1.3",
      "dev": true,
      "license": "MIT"
    },
    "node_modules/nanoid": {
      "version": "3.3.19",
      "funding": [
        {
          "type": "github",
          "url": "https://github.com/sponsors/ai"
        }
      ],
      "license": "MIT",
      "bin": {
        "nanoid": "bin/nanoid.cjs"
      },
      "engines": {
        "node": "^10 || ^12 || ^13.7 || ^14 || >=15.0.1"
      }
    },
    "node_modules/nanopop": {
      "version": "2.4.2",
      "license": "MIT"
    },
    "node_modules/natural-compare": {
      "version": "1.4.0",
      "dev": true,
      "license": "MIT"
    },
    "node_modules/nth-check": {
      "version": "2.1.1",
      "dev": true,
      "license": "BSD-2-Clause",
      "dependencies": {
        "boolbase": "^1.0.0"
      },
      "funding": {
        "url": "https://github.com/fb55/nth-check?sponsor=1"
      }
    },
    "node_modules/optionator": {
      "version": "0.9.4",
      "dev": true,
      "license": "MIT",
      "dependencies": {
        "deep-is": "^0.1.3",
        "fast-levenshtein": "^2.0.6",
        "levn": "^0.4.1",
        "prelude-ls": "^1.2.1",
        "type-check": "^0.4.0",
        "word-wrap": "^1.2.5"
      },
      "engines": {
        "node": ">= 0.8.0"
      }
    },
    "node_modules/p-limit": {
      "version": "3.1.0",
      "dev": true,
      "license": "MIT",
      "dependencies": {
        "yocto-queue": "^0.1.0"
      },
      "engines": {
        "node": ">=10"
      },
      "funding": {
        "url": "https://github.com/sponsors/sindresorhus"
      }
    },
    "node_modules/p-locate": {
      "version": "5.0.0",
      "dev": true,
      "license": "MIT",
      "dependencies": {
        "p-limit": "^3.0.2"
      },
      "engines": {
        "node": ">=10"
      },
      "funding": {
        "url": "https://github.com/sponsors/sindresorhus"
      }
    },
    "node_modules/path-data-parser": {
      "version": "0.1.0",
      "license": "MIT"
    },
    "node_modules/path-exists": {
      "version": "4.0.0",
      "dev": true,
      "license": "MIT",
      "engines": {
        "node": ">=8"
      }
    },
    "node_modules/path-key": {
      "version": "3.1.1",
      "dev": true,
      "license": "MIT",
      "engines": {
        "node": ">=8"
      }
    },
    "node_modules/picocolors": {
      "version": "1.1.1",
      "license": "ISC"
    },
    "node_modules/picomatch": {
      "version": "4.0.7",
      "dev": true,
      "license": "MIT",
      "engines": {
        "node": ">=12"
      },
      "funding": {
        "url": "https://github.com/sponsors/jonschlinkert"
      }
    },
    "node_modules/points-on-curve": {
      "version": "0.2.0",
      "license": "MIT"
    },
    "node_modules/points-on-path": {
      "version": "0.2.1",
      "license": "MIT",
      "dependencies": {
        "path-data-parser": "0.1.0",
        "points-on-curve": "0.2.0"
      }
    },
    "node_modules/postcss": {
      "version": "8.5.28",
      "funding": [
        {
          "type": "opencollective",
          "url": "https://opencollective.com/postcss/"
        },
        {
          "type": "tidelift",
          "url": "https://tidelift.com/funding/github/npm/postcss"
        },
        {
          "type": "github",
          "url": "https://github.com/sponsors/ai"
        }
      ],
      "license": "MIT",
      "dependencies": {
        "nanoid": "^3.3.18",
        "picocolors": "^1.1.1",
        "source-map-js": "^1.2.1"
      },
      "engines": {
        "node": "^10 || ^12 || >=14"
      }
    },
    "node_modules/postcss-selector-parser": {
      "version": "7.1.6",
      "dev": true,
      "license": "MIT",
      "dependencies": {
        "cssesc": "^3.0.0",
        "util-deprecate": "^1.0.2"
      },
      "engines": {
        "node": ">=4"
      }
    },
    "node_modules/prelude-ls": {
      "version": "1.2.1",
      "dev": true,
      "license": "MIT",
      "engines": {
        "node": ">= 0.8.0"
      }
    },
    "node_modules/punycode": {
      "version": "2.3.1",
      "dev": true,
      "license": "MIT",
      "engines": {
        "node": ">=6"
      }
    },
    "node_modules/qified": {
      "version": "0.10.1",
      "dev": true,
      "license": "MIT",
      "dependencies": {
        "hookified": "^2.1.1"
      },
      "engines": {
        "node": ">=20"
      }
    },
    "node_modules/qified/node_modules/hookified": {
      "version": "2.2.0",
      "dev": true,
      "license": "MIT"
    },
    "node_modules/resize-observer-polyfill": {
      "version": "1.5.1",
      "license": "MIT"
    },
    "node_modules/rolldown": {
      "version": "1.2.8",
      "dev": true,
      "license": "MIT",
      "dependencies": {
        "@oxc-project/types": "=0.149.0",
        "@rolldown/pluginutils": "^1.0.0"
      },
      "bin": {
        "rolldown": "bin/cli.mjs"
      },
      "engines": {
        "node": "^20.19.0 || >=22.12.0"
      },
      "optionalDependencies": {
        "@rolldown/binding-android-arm-eabi": "1.2.8",
        "@rolldown/binding-android-arm64": "1.2.8",
        "@rolldown/binding-darwin-arm64": "1.2.8",
        "@rolldown/binding-darwin-x64": "1.2.8",
        "@rolldown/binding-freebsd-x64": "1.2.8",
        "@rolldown/binding-linux-arm-gnueabihf": "1.2.8",
        "@rolldown/binding-linux-arm64-gnu": "1.2.8",
        "@rolldown/binding-linux-arm64-musl": "1.2.8",
        "@rolldown/binding-linux-ppc64-gnu": "1.2.8",
        "@rolldown/binding-linux-s390x-gnu": "1.2.8",
        "@rolldown/binding-linux-x64-gnu": "1.2.8",
        "@rolldown/binding-linux-x64-musl": "1.2.8",
        "@rolldown/binding-openharmony-arm64": "1.2.8",
        "@rolldown/binding-win32-arm64-msvc": "1.2.8",
        "@rolldown/binding-win32-x64-msvc": "1.2.8"
      }
    },
    "node_modules/rough-notation": {
      "version": "0.5.1",
      "license": "MIT"
    },
    "node_modules/roughjs": {
      "version": "4.6.6",
      "license": "MIT",
      "dependencies": {
        "hachure-fill": "^0.5.2",
        "path-data-parser": "^0.1.0",
        "points-on-curve": "^0.2.0",
        "points-on-path": "^0.2.1"
      }
    },
    "node_modules/scroll-into-view-if-needed": {
      "version": "2.2.31",
      "license": "MIT",
      "dependencies": {
        "compute-scroll-into-view": "^1.0.20"
      }
    },
    "node_modules/semver": {
      "version": "7.8.5",
      "dev": true,
      "license": "ISC",
      "bin": {
        "semver": "bin/semver.js"
      },
      "engines": {
        "node": ">=10"
      }
    },
    "node_modules/shallow-equal": {
      "version": "1.2.1",
      "license": "MIT"
    },
    "node_modules/shebang-command": {
      "version": "2.0.0",
      "dev": true,
      "license": "MIT",
      "dependencies": {
        "shebang-regex": "^3.0.0"
      },
      "engines": {
        "node": ">=8"
      }
    },
    "node_modules/shebang-regex": {
      "version": "3.0.0",
      "dev": true,
      "license": "MIT",
      "engines": {
        "node": ">=8"
      }
    },
    "node_modules/source-map-js": {
      "version": "1.2.1",
      "license": "BSD-3-Clause",
      "engines": {
        "node": ">=0.10.0"
      }
    },
    "node_modules/stylis": {
      "version": "4.4.0",
      "license": "MIT"
    },
    "node_modules/throttle-debounce": {
      "version": "5.0.2",
      "license": "MIT",
      "engines": {
        "node": ">=12.22"
      }
    },
    "node_modules/tinyglobby": {
      "version": "0.2.17",
      "dev": true,
      "license": "MIT",
      "dependencies": {
        "fdir": "^6.5.0",
        "picomatch": "^4.0.4"
      },
      "engines": {
        "node": ">=12.0.0"
      },
      "funding": {
        "url": "https://github.com/sponsors/SuperchupuDev"
      }
    },
    "node_modules/type-check": {
      "version": "0.4.0",
      "dev": true,
      "license": "MIT",
      "dependencies": {
        "prelude-ls": "^1.2.1"
      },
      "engines": {
        "node": ">= 0.8.0"
      }
    },
    "node_modules/uri-js": {
      "version": "4.4.1",
      "dev": true,
      "license": "BSD-2-Clause",
      "dependencies": {
        "punycode": "^2.1.0"
      }
    },
    "node_modules/util-deprecate": {
      "version": "1.0.2",
      "dev": true,
      "license": "MIT"
    },
    "node_modules/vite": {
      "version": "8.3.0",
      "dev": true,
      "license": "MIT",
      "dependencies": {
        "lightningcss": "^1.33.0",
        "picomatch": "^4.0.7",
        "postcss": "^8.5.28",
        "rolldown": "~1.2.6",
        "tinyglobby": "^0.2.17"
      },
      "bin": {
        "vite": "bin/vite.js"
      },
      "engines": {
        "node": "^20.19.0 || >=22.12.0"
      },
      "funding": {
        "url": "https://github.com/vitejs/vite?sponsor=1"
      },
      "optionalDependencies": {
        "fsevents": "~2.3.3"
      },
      "peerDependencies": {
        "@types/node": "^20.19.0 || >=22.12.0",
        "@vitejs/devtools": "^0.7.1",
        "esbuild": "^0.27.0 || ^0.28.0",
        "jiti": ">=1.21.0",
        "less": "^4.0.0",
        "sass": "^1.70.0",
        "sass-embedded": "^1.70.0",
        "stylus": ">=0.54.8",
        "sugarss": "^5.0.0",
        "terser": "^5.16.0",
        "tsx": "^4.8.1",
        "yaml": "^2.4.2"
      },
      "peerDependenciesMeta": {
        "@types/node": {
          "optional": true
        },
        "@vitejs/devtools": {
          "optional": true
        },
        "esbuild": {
          "optional": true
        },
        "jiti": {
          "optional": true
        },
        "less": {
          "optional": true
        },
        "sass": {
          "optional": true
        },
        "sass-embedded": {
          "optional": true
        },
        "stylus": {
          "optional": true
        },
        "sugarss": {
          "optional": true
        },
        "terser": {
          "optional": true
        },
        "tsx": {
          "optional": true
        },
        "yaml": {
          "optional": true
        }
      }
    },
    "node_modules/vue": {
      "version": "3.5.42",
      "license": "MIT",
      "dependencies": {
        "@vue/compiler-dom": "3.5.42",
        "@vue/compiler-sfc": "3.5.42",
        "@vue/runtime-dom": "3.5.42",
        "@vue/server-renderer": "3.5.42",
        "@vue/shared": "3.5.42"
      },
      "peerDependencies": {
        "typescript": "*"
      },
      "peerDependenciesMeta": {
        "typescript": {
          "optional": true
        }
      }
    },
    "node_modules/vue-eslint-parser": {
      "version": "10.4.1",
      "dev": true,
      "license": "MIT",
      "peer": true,
      "dependencies": {
        "debug": "^4.4.0",
        "eslint-scope": "^8.2.0 || ^9.0.0",
        "eslint-visitor-keys": "^4.2.0 || ^5.0.0",
        "espree": "^10.3.0 || ^11.0.0",
        "esquery": "^1.6.0",
        "semver": "^7.6.3"
      },
      "engines": {
        "node": "^18.18.0 || ^20.9.0 || >=21.1.0"
      },
      "funding": {
        "url": "https://github.com/sponsors/mysticatea"
      },
      "peerDependencies": {
        "eslint": "^8.57.0 || ^9.0.0 || ^10.0.0"
      }
    },
    "node_modules/vue-types": {
      "version": "3.0.2",
      "license": "MIT",
      "dependencies": {
        "is-plain-object": "3.0.1"
      },
      "engines": {
        "node": ">=10.15.0"
      },
      "peerDependencies": {
        "vue": "^3.0.0"
      }
    },
    "node_modules/warning": {
      "version": "4.0.3",
      "license": "MIT",
      "dependencies": {
        "loose-envify": "^1.0.0"
      }
    },
    "node_modules/which": {
      "version": "2.0.2",
      "dev": true,
      "license": "ISC",
      "dependencies": {
        "isexe": "^2.0.0"
      },
      "bin": {
        "node-which": "bin/node-which"
      },
      "engines": {
        "node": ">= 8"
      }
    },
    "node_modules/word-wrap": {
      "version": "1.2.5",
      "dev": true,
      "license": "MIT",
      "engines": {
        "node": ">=0.10.0"
      }
    },
    "node_modules/xml-name-validator": {
      "version": "5.0.0",
      "dev": true,
      "license": "Apache-2.0",
      "engines": {
        "node": ">=18"
      }
    },
    "node_modules/yocto-queue": {
      "version": "0.1.0",
      "dev": true,
      "license": "MIT",
      "engines": {
        "node": ">=10"
      },
      "funding": {
        "url": "https://github.com/sponsors/sindresorhus"
      }
    }
  }
}
